# This file is generated by running "yarn install" inside your project.
# Manual changes might be lost - proceed with caution!

__metadata:
  version: 10
  cacheKey: 10c0

"@patchpilot-fixture/a@npm:1.0.0, @patchpilot-fixture/a@workspace:packages/a":
  version: 0.0.0-use.local
  resolution: "@patchpilot-fixture/a@workspace:packages/a"
  dependencies:
    has-flag: "npm:4.0.0"
    is-odd: "npm:3.0.1"
    left-pad: "npm:1.3.0"
  languageName: unknown
  linkType: soft

"@patchpilot-fixture/b@workspace:packages/b":
  version: 0.0.0-use.local
  resolution: "@patchpilot-fixture/b@workspace:packages/b"
  dependencies:
    "@patchpilot-fixture/a": "npm:1.0.0"
    debug: "npm:2.6.8"
  languageName: unknown
  linkType: soft

"@sindresorhus/is@npm:4.6.0":
  version: 4.6.0
  resolution: "@sindresorhus/is@npm:4.6.0"
  checksum: 10c0/33b6fb1d0834ec8dd7689ddc0e2781c2bfd8b9c4e4bacbcb14111e0ae00621f2c264b8a7d36541799d74888b5dccdf422a891a5cb5a709ace26325eedc81e22e
  languageName: node
  linkType: hard

"cx-root@workspace:.":
  version: 0.0.0-use.local
  resolution: "cx-root@workspace:."
  dependencies:
    "@sindresorhus/is": "npm:4.6.0"
    debug: "npm:2.6.8"
    is-number: "npm:7.0.0"
    ms: "npm:2.1.3"
    my-lodash: "npm:lodash@4.17.21"
    react: "npm:18.2.0"
    supports-color: "npm:7.2.0"
    use-sync-external-store: "npm:1.2.0"
  dependenciesMeta:
    is-number:
      optional: true
  languageName: unknown
  linkType: soft

"debug@npm:2.6.8":
  version: 2.6.8
  resolution: "debug@npm:2.6.8"
  dependencies:
    ms: "npm:2.0.0"
  checksum: 10c0/f13340892ee005992acf7a23cac3a224c3a26f4c98beaa528f17561696206775b95ce25110ddf3b13a24cc794b4701f521bfb9f9192bc8de18b61744fef1f67d
  languageName: node
  linkType: hard

"has-flag@npm:4.0.0, has-flag@npm:^4.0.0":
  version: 4.0.0
  resolution: "has-flag@npm:4.0.0"
  checksum: 10c0/2e789c61b7888d66993e14e8331449e525ef42aac53c627cc53d1c3334e768bcb6abdc4f5f0de1478a25beec6f0bd62c7549058b7ac53e924040d4f301f02fd1
  languageName: node
  linkType: hard

"is-number@npm:7.0.0":
  version: 7.0.0
  resolution: "is-number@npm:7.0.0"
  checksum: 10c0/b4686d0d3053146095ccd45346461bc8e53b80aeb7671cc52a4de02dbbf7dc0d1d2a986e2fe4ae206984b4d34ef37e8b795ebc4f4295c978373e6575e295d811
  languageName: node
  linkType: hard

"is-number@npm:^6.0.0":
  version: 6.0.0
  resolution: "is-number@npm:6.0.0"
  checksum: 10c0/5da4c68401529675c575878d2760d66f18eaef4b014858577f6003daf66488d7fe4eae684b1e8574e3fa1bb447c6c6c56b8491d2b4b3239da2d32e5f6f218008
  languageName: node
  linkType: hard

"is-odd@npm:3.0.1":
  version: 3.0.1
  resolution: "is-odd@npm:3.0.1"
  dependencies:
    is-number: "npm:^6.0.0"
  checksum: 10c0/89ee2e353c5a3f3bd400c79db1c307a5b3506198ee8169d521e533a9b1d8a08fc95f21a919c084e98845b4286d7ffe309778da03744dfe66c3c1763ab1a030c6
  languageName: node
  linkType: hard

"js-tokens@npm:^3.0.0 || ^4.0.0":
  version: 4.0.0
  resolution: "js-tokens@npm:4.0.0"
  checksum: 10c0/e248708d377aa058eacf2037b07ded847790e6de892bbad3dac0abba2e759cb9f121b00099a65195616badcb6eca8d14d975cb3e89eb1cfda644756402c8aeed
  languageName: node
  linkType: hard

"left-pad@npm:1.3.0":
  version: 1.3.0
  resolution: "left-pad@npm:1.3.0"
  checksum: 10c0/3fb59c76e281a2f5c810ad71dbbb8eba8b10c6cf94733dc7f27b8c516a5376cacea53543e76f6ae477d866c8954b27f1e15ca349424c2542474eb5bb1d2b6955
  languageName: node
  linkType: hard

"loose-envify@npm:^1.1.0":
  version: 1.4.0
  resolution: "loose-envify@npm:1.4.0"
  dependencies:
    js-tokens: "npm:^3.0.0 || ^4.0.0"
  bin:
    loose-envify: cli.js
  checksum: 10c0/655d110220983c1a4b9c0c679a2e8016d4b67f6e9c7b5435ff5979ecdb20d0813f4dec0a08674fcbdd4846a3f07edbb50a36811fd37930b94aaa0d9daceb017e
  languageName: node
  linkType: hard

"ms@npm:2.0.0":
  version: 2.0.0
  resolution: "ms@npm:2.0.0"
  checksum: 10c0/f8fda810b39fd7255bbdc451c46286e549794fcc700dc9cd1d25658bbc4dc2563a5de6fe7c60f798a16a60c6ceb53f033cb353f493f0cf63e5199b702943159d
  languageName: node
  linkType: hard

"ms@npm:2.1.3":
  version: 2.1.3
  resolution: "ms@npm:2.1.3"
  checksum: 10c0/d924b57e7312b3b63ad21fc5b3dc0af5e78d61a1fc7cfb5457edaf26326bf62be5307cc87ffb6862ef1c2b33b0233cdb5d4f01c4c958cc0d660948b65a287a48
  languageName: node
  linkType: hard

"my-lodash@npm:lodash@4.17.21":
  version: 4.17.21
  resolution: "lodash@npm:4.17.21"
  checksum: 10c0/d8cbea072bb08655bb4c989da418994b073a608dffa608b09ac04b43a791b12aeae7cd7ad919aa4c925f33b48490b5cfe6c1f71d827956071dae2e7bb3a6b74c
  languageName: node
  linkType: hard

"react@npm:18.2.0":
  version: 18.2.0
  resolution: "react@npm:18.2.0"
  dependencies:
    loose-envify: "npm:^1.1.0"
  checksum: 10c0/b562d9b569b0cb315e44b48099f7712283d93df36b19a39a67c254c6686479d3980b7f013dc931f4a5a3ae7645eae6386b4aa5eea933baa54ecd0f9acb0902b8
  languageName: node
  linkType: hard

"supports-color@npm:7.2.0":
  version: 7.2.0
  resolution: "supports-color@npm:7.2.0"
  dependencies:
    has-flag: "npm:^4.0.0"
  checksum: 10c0/afb4c88521b8b136b5f5f95160c98dee7243dc79d5432db7efc27efb219385bbc7d9427398e43dd6cc730a0f87d5085ce1652af7efbe391327bc0a7d0f7fc124
  languageName: node
  linkType: hard

"use-sync-external-store@npm:1.2.0":
  version: 1.2.0
  resolution: "use-sync-external-store@npm:1.2.0"
  peerDependencies:
    react: ^16.8.0 || ^17.0.0 || ^18.0.0
  checksum: 10c0/ac4814e5592524f242921157e791b022efe36e451fe0d4fd4d204322d5433a4fc300d63b0ade5185f8e0735ded044c70bcf6d2352db0f74d097a238cebd2da02
  languageName: node
  linkType: hard
