# This file is generated by running "yarn install" inside your project.
# Manual changes might be lost - proceed with caution!

__metadata:
  version: 10
  cacheKey: 10c0

"decode-uri-component@npm:0.5.0":
  version: 0.5.0
  resolution: "decode-uri-component@npm:0.5.0"
  checksum: 10c0/b913bb2ec3a83b4c96d961dcd7808c538f2f69f9a8581ab1bfbbb3d48c90e36779cc4580334198315d4c17f9c32d88ae4467c96582419a70b5f35df2c5a05cb1
  languageName: node
  linkType: hard

"filter-obj@npm:^1.1.0":
  version: 1.1.0
  resolution: "filter-obj@npm:1.1.0"
  checksum: 10c0/071e0886b2b50238ca5026c5bbf58c26a7c1a1f720773b8c7813d16ba93d0200de977af14ac143c5ac18f666b2cfc83073f3a5fe6a4e996c49e0863d5500fccf
  languageName: node
  linkType: hard

"json5@npm:2.2.0":
  version: 2.2.0
  resolution: "json5@npm:2.2.0"
  dependencies:
    minimist: "npm:^1.2.5"
  bin:
    json5: lib/cli.js
  checksum: 10c0/fbe021f69fa100f0a863e5ab9105ead3971ad5141e7c0dc5134c6148545dae98a69602fb8f9f4dd65af0db7ca00887bf5b35af60be34c10f58fb5fc1f2366a4e
  languageName: node
  linkType: hard

"lodash@npm:4.17.20":
  version: 4.17.20
  resolution: "lodash@npm:4.17.20"
  checksum: 10c0/faec37cb9f161b766bdc078a1356a07b9eaaa867796dd2520a407fe0a6a6d7be031e8f228f0cf3d305095703ee40258616c870b8d17dcdcb16f745bf31e8c3c2
  languageName: node
  linkType: hard

"marked@npm:0.3.6":
  version: 0.3.6
  resolution: "marked@npm:0.3.6"
  bin:
    marked: ./bin/marked
  checksum: 10c0/2c27d38602b89d68c39de53e831e14e2942b6ecd3c1d88c842f4e1c9a112ad710739e5f39deeb50affc7c2be6527a132d5b935c329d830125ca4c8101edf675b
  languageName: node
  linkType: hard

"minimist@npm:1.2.5, minimist@npm:^1.2.5":
  version: 1.2.5
  resolution: "minimist@npm:1.2.5"
  checksum: 10c0/c143b0c199af4df7a55c7a37b6465cdd438acdc6a3a345ba0fe9d94dfcc2042263f650879bc73be607c843deeaeaadf39c864e55bc6d80b36a025eca1a062ee7
  languageName: node
  linkType: hard

"query-string@npm:6.14.1":
  version: 6.14.1
  resolution: "query-string@npm:6.14.1"
  dependencies:
    decode-uri-component: "npm:^0.2.0"
    filter-obj: "npm:^1.1.0"
    split-on-first: "npm:^1.0.0"
    strict-uri-encode: "npm:^2.0.0"
  checksum: 10c0/900e0fa788000e9dc5f929b6f4141742dcf281f02d3bab9714bc83bea65fab3de75169ea8d61f19cda996bc0dcec72e156efe3c5614c6bce65dcf234ac955b14
  languageName: node
  linkType: hard

"semver@npm:5.7.1":
  version: 5.7.1
  resolution: "semver@npm:5.7.1"
  bin:
    semver: ./bin/semver
  checksum: 10c0/d4884f2aeca28bff35d0bd40ff0a9b2dfc4b36a883bf0ea5dc15d10d9a01bdc9041035b05f825d4b5ac8a56e490703dbf0d986d054de82cc5e9bad3f02ca6e00
  languageName: node
  linkType: hard

"split-on-first@npm:^1.0.0":
  version: 1.1.0
  resolution: "split-on-first@npm:1.1.0"
  checksum: 10c0/56df8344f5a5de8521898a5c090023df1d8b8c75be6228f56c52491e0fc1617a5236f2ac3a066adb67a73231eac216ccea7b5b4a2423a543c277cb2f48d24c29
  languageName: node
  linkType: hard

"strict-uri-encode@npm:^2.0.0":
  version: 2.0.0
  resolution: "strict-uri-encode@npm:2.0.0"
  checksum: 10c0/010cbc78da0e2cf833b0f5dc769e21ae74cdc5d5f5bd555f14a4a4876c8ad2c85ab8b5bdf9a722dc71a11dcd3184085e1c3c0bd50ec6bb85fffc0f28cf82597d
  languageName: node
  linkType: hard

"vulnerable-app@workspace:.":
  version: 0.0.0-use.local
  resolution: "vulnerable-app@workspace:."
  dependencies:
    json5: "npm:2.2.0"
    lodash: "npm:4.17.20"
    marked: "npm:0.3.6"
    minimist: "npm:1.2.5"
    query-string: "npm:6.14.1"
    semver: "npm:5.7.1"
  languageName: unknown
  linkType: soft
